
Microsoft Visual Studio Solution File, Format Version 12.00
# Visual Studio 15
VisualStudioVersion = 15.0.28307.539
MinimumVisualStudioVersion = 10.0.40219.1
Project("{FAE04EC0-301F-11D3-BF4B-00C04F79EFBC}") = "MyShoppingCart", "MyShoppingCart\MyShoppingCart.csproj", "{8CEEDD5B-056D-42B7-B97B-95AF87A4F508}"
EndProject
Global
	GlobalSection(SolutionConfigurationPlatforms) = preSolution
		Debug|Any CPU = Debug|Any CPU
		Release|Any CPU = Release|Any CPU
	EndGlobalSection
	GlobalSection(ProjectConfigurationPlatforms) = postSolution
		{8CEEDD5B-056D-42B7-B97B-95AF87A4F508}.Debug|Any CPU.ActiveCfg = Debug|Any CPU
		{8CEEDD5B-056D-42B7-B97B-95AF87A4F508}.Debug|Any CPU.Build.0 = Debug|Any CPU
		{8CEEDD5B-056D-42B7-B97B-95AF87A4F508}.Release|Any CPU.ActiveCfg = Release|Any CPU
		{8CEEDD5B-056D-42B7-B97B-95AF87A4F508}.Release|Any CPU.Build.0 = Release|Any CPU
	EndGlobalSection
	GlobalSection(SolutionProperties) = preSolution
		HideSolutionNode = FALSE
	EndGlobalSection
	GlobalSection(ExtensibilityGlobals) = postSolution
		SolutionGuid = {DEAD3F58-12E1-4A65-8E50-7CC816E5A54F}
	EndGlobalSection
EndGlobal
